
Microsoft Visual Studio Solution File, Format Version 12.00
# Visual Studio Version 16
VisualStudioVersion = 16.0.32126.315
MinimumVisualStudioVersion = 10.0.40219.1
Project("{FAE04EC0-301F-11D3-BF4B-00C04F79EFBC}") = "conversorDivisas.UWP", "conversorDivisas\conversorDivisas.UWP\conversorDivisas.UWP.csproj", "{DC248AF0-BC19-4913-A093-863BA1E2E36B}"
EndProject
Project("{FAE04EC0-301F-11D3-BF4B-00C04F79EFBC}") = "conversorDivisas.Android", "conversorDivisas\conversorDivisas.Android\conversorDivisas.Android.csproj", "{4D449EDC-688F-4BDE-A358-C997D03FF21F}"
EndProject
Project("{FAE04EC0-301F-11D3-BF4B-00C04F79EFBC}") = "conversorDivisas.iOS", "conversorDivisas\conversorDivisas.iOS\conversorDivisas.iOS.csproj", "{85C75971-BFD1-484E-98A4-2E732F119D94}"
EndProject
Project("{FAE04EC0-301F-11D3-BF4B-00C04F79EFBC}") = "conversorDivisas", "conversorDivisas\conversorDivisas\conversorDivisas.csproj", "{12F5F587-547E-46E9-96AD-A6000060B246}"
EndProject
Global
	GlobalSection(SolutionConfigurationPlatforms) = preSolution
		Debug|Any CPU = Debug|Any CPU
		Debug|ARM = Debug|ARM
		Debug|iPhone = Debug|iPhone
		Debug|iPhoneSimulator = Debug|iPhoneSimulator
		Debug|x64 = Debug|x64
		Debug|x86 = Debug|x86
		Release|Any CPU = Release|Any CPU
		Release|ARM = Release|ARM
		Release|iPhone = Release|iPhone
		Release|iPhoneSimulator = Release|iPhoneSimulator
		Release|x64 = Release|x64
		Release|x86 = Release|x86
	EndGlobalSection
	GlobalSection(ProjectConfigurationPlatforms) = postSolution
		{DC248AF0-BC19-4913-A093-863BA1E2E36B}.Debug|Any CPU.ActiveCfg = Debug|x86
		{DC248AF0-BC19-4913-A093-863BA1E2E36B}.Debug|Any CPU.Build.0 = Debug|x86
		{DC248AF0-BC19-4913-A093-863BA1E2E36B}.Debug|Any CPU.Deploy.0 = Debug|x86
		{DC248AF0-BC19-4913-A093-863BA1E2E36B}.Debug|ARM.ActiveCfg = Debug|ARM
		{DC248AF0-BC19-4913-A093-863BA1E2E36B}.Debug|ARM.Build.0 = Debug|ARM
		{DC248AF0-BC19-4913-A093-863BA1E2E36B}.Debug|ARM.Deploy.0 = Debug|ARM
		{DC248AF0-BC19-4913-A093-863BA1E2E36B}.Debug|iPhone.ActiveCfg = Debug|x86
		{DC248AF0-BC19-4913-A093-863BA1E2E36B}.Debug|iPhone.Build.0 = Debug|x86
		{DC248AF0-BC19-4913-A093-863BA1E2E36B}.Debug|iPhone.Deploy.0 = Debug|x86
		{DC248AF0-BC19-4913-A093-863BA1E2E36B}.Debug|iPhoneSimulator.ActiveCfg = Debug|x86
		{DC248AF0-BC19-4913-A093-863BA1E2E36B}.Debug|iPhoneSimulator.Build.0 = Debug|x86
		{DC248AF0-BC19-4913-A093-863BA1E2E36B}.Debug|iPhoneSimulator.Deploy.0 = Debug|x86
		{DC248AF0-BC19-4913-A093-863BA1E2E36B}.Debug|x64.ActiveCfg = Debug|x64
		{DC248AF0-BC19-4913-A093-863BA1E2E36B}.Debug|x64.Build.0 = Debug|x64
		{DC248AF0-BC19-4913-A093-863BA1E2E36B}.Debug|x64.Deploy.0 = Debug|x64
		{DC248AF0-BC19-4913-A093-863BA1E2E36B}.Debug|x86.ActiveCfg = Debug|x86
		{DC248AF0-BC19-4913-A093-863BA1E2E36B}.Debug|x86.Build.0 = Debug|x86
		{DC248AF0-BC19-4913-A093-863BA1E2E36B}.Debug|x86.Deploy.0 = Debug|x86
		{DC248AF0-BC19-4913-A093-863BA1E2E36B}.Release|Any CPU.ActiveCfg = Release|x86
		{DC248AF0-BC19-4913-A093-863BA1E2E36B}.Release|Any CPU.Build.0 = Release|x86
		{DC248AF0-BC19-4913-A093-863BA1E2E36B}.Release|Any CPU.Deploy.0 = Release|x86
		{DC248AF0-BC19-4913-A093-863BA1E2E36B}.Release|ARM.ActiveCfg = Release|ARM
		{DC248AF0-BC19-4913-A093-863BA1E2E36B}.Release|ARM.Build.0 = Release|ARM
		{DC248AF0-BC19-4913-A093-863BA1E2E36B}.Release|ARM.Deploy.0 = Release|ARM
		{DC248AF0-BC19-4913-A093-863BA1E2E36B}.Release|iPhone.ActiveCfg = Release|x86
		{DC248AF0-BC19-4913-A093-863BA1E2E36B}.Release|iPhone.Build.0 = Release|x86
		{DC248AF0-BC19-4913-A093-863BA1E2E36B}.Release|iPhone.Deploy.0 = Release|x86
		{DC248AF0-BC19-4913-A093-863BA1E2E36B}.Release|iPhoneSimulator.ActiveCfg = Release|x86
		{DC248AF0-BC19-4913-A093-863BA1E2E36B}.Release|iPhoneSimulator.Build.0 = Release|x86
		{DC248AF0-BC19-4913-A093-863BA1E2E36B}.Release|iPhoneSimulator.Deploy.0 = Release|x86
		{DC248AF0-BC19-4913-A093-863BA1E2E36B}.Release|x64.ActiveCfg = Release|x64
		{DC248AF0-BC19-4913-A093-863BA1E2E36B}.Release|x64.Build.0 = Release|x64
		{DC248AF0-BC19-4913-A093-863BA1E2E36B}.Release|x64.Deploy.0 = Release|x64
		{DC248AF0-BC19-4913-A093-863BA1E2E36B}.Release|x86.ActiveCfg = Release|x86
		{DC248AF0-BC19-4913-A093-863BA1E2E36B}.Release|x86.Build.0 = Release|x86
		{DC248AF0-BC19-4913-A093-863BA1E2E36B}.Release|x86.Deploy.0 = Release|x86
		{4D449EDC-688F-4BDE-A358-C997D03FF21F}.Debug|Any CPU.ActiveCfg = Debug|Any CPU
		{4D449EDC-688F-4BDE-A358-C997D03FF21F}.Debug|Any CPU.Build.0 = Debug|Any CPU
		{4D449EDC-688F-4BDE-A358-C997D03FF21F}.Debug|Any CPU.Deploy.0 = Debug|Any CPU
		{4D449EDC-688F-4BDE-A358-C997D03FF21F}.Debug|ARM.ActiveCfg = Debug|Any CPU
		{4D449EDC-688F-4BDE-A358-C997D03FF21F}.Debug|ARM.Build.0 = Debug|Any CPU
		{4D449EDC-688F-4BDE-A358-C997D03FF21F}.Debug|ARM.Deploy.0 = Debug|Any CPU
		{4D449EDC-688F-4BDE-A358-C997D03FF21F}.Debug|iPhone.ActiveCfg = Debug|Any CPU
		{4D449EDC-688F-4BDE-A358-C997D03FF21F}.Debug|iPhone.Build.0 = Debug|Any CPU
		{4D449EDC-688F-4BDE-A358-C997D03FF21F}.Debug|iPhone.Deploy.0 = Debug|Any CPU
		{4D449EDC-688F-4BDE-A358-C997D03FF21F}.Debug|iPhoneSimulator.ActiveCfg = Debug|Any CPU
		{4D449EDC-688F-4BDE-A358-C997D03FF21F}.Debug|iPhoneSimulator.Build.0 = Debug|Any CPU
		{4D449EDC-688F-4BDE-A358-C997D03FF21F}.Debug|iPhoneSimulator.Deploy.0 = Debug|Any CPU
		{4D449EDC-688F-4BDE-A358-C997D03FF21F}.Debug|x64.ActiveCfg = Debug|Any CPU
		{4D449EDC-688F-4BDE-A358-C997D03FF21F}.Debug|x64.Build.0 = Debug|Any CPU
		{4D449EDC-688F-4BDE-A358-C997D03FF21F}.Debug|x64.Deploy.0 = Debug|Any CPU
		{4D449EDC-688F-4BDE-A358-C997D03FF21F}.Debug|x86.ActiveCfg = Debug|Any CPU
		{4D449EDC-688F-4BDE-A358-C997D03FF21F}.Debug|x86.Build.0 = Debug|Any CPU
		{4D449EDC-688F-4BDE-A358-C997D03FF21F}.Debug|x86.Deploy.0 = Debug|Any CPU
		{4D449EDC-688F-4BDE-A358-C997D03FF21F}.Release|Any CPU.ActiveCfg = Release|Any CPU
		{4D449EDC-688F-4BDE-A358-C997D03FF21F}.Release|Any CPU.Build.0 = Release|Any CPU
		{4D449EDC-688F-4BDE-A358-C997D03FF21F}.Release|Any CPU.Deploy.0 = Release|Any CPU
		{4D449EDC-688F-4BDE-A358-C997D03FF21F}.Release|ARM.ActiveCfg = Release|Any CPU
		{4D449EDC-688F-4BDE-A358-C997D03FF21F}.Release|ARM.Build.0 = Release|Any CPU
		{4D449EDC-688F-4BDE-A358-C997D03FF21F}.Release|ARM.Deploy.0 = Release|Any CPU
		{4D449EDC-688F-4BDE-A358-C997D03FF21F}.Release|iPhone.ActiveCfg = Release|Any CPU
		{4D449EDC-688F-4BDE-A358-C997D03FF21F}.Release|iPhone.Build.0 = Release|Any CPU
		{4D449EDC-688F-4BDE-A358-C997D03FF21F}.Release|iPhone.Deploy.0 = Release|Any CPU
		{4D449EDC-688F-4BDE-A358-C997D03FF21F}.Release|iPhoneSimulator.ActiveCfg = Release|Any CPU
		{4D449EDC-688F-4BDE-A358-C997D03FF21F}.Release|iPhoneSimulator.Build.0 = Release|Any CPU
		{4D449EDC-688F-4BDE-A358-C997D03FF21F}.Release|iPhoneSimulator.Deploy.0 = Release|Any CPU
		{4D449EDC-688F-4BDE-A358-C997D03FF21F}.Release|x64.ActiveCfg = Release|Any CPU
		{4D449EDC-688F-4BDE-A358-C997D03FF21F}.Release|x64.Build.0 = Release|Any CPU
		{4D449EDC-688F-4BDE-A358-C997D03FF21F}.Release|x64.Deploy.0 = Release|Any CPU
		{4D449EDC-688F-4BDE-A358-C997D03FF21F}.Release|x86.ActiveCfg = Release|Any CPU
		{4D449EDC-688F-4BDE-A358-C997D03FF21F}.Release|x86.Build.0 = Release|Any CPU
		{4D449EDC-688F-4BDE-A358-C997D03FF21F}.Release|x86.Deploy.0 = Release|Any CPU
		{85C75971-BFD1-484E-98A4-2E732F119D94}.Debug|Any CPU.ActiveCfg = Debug|iPhoneSimulator
		{85C75971-BFD1-484E-98A4-2E732F119D94}.Debug|Any CPU.Build.0 = Debug|iPhoneSimulator
		{85C75971-BFD1-484E-98A4-2E732F119D94}.Debug|Any CPU.Deploy.0 = Debug|iPhoneSimulator
		{85C75971-BFD1-484E-98A4-2E732F119D94}.Debug|ARM.ActiveCfg = Debug|iPhone
		{85C75971-BFD1-484E-98A4-2E732F119D94}.Debug|ARM.Build.0 = Debug|iPhone
		{85C75971-BFD1-484E-98A4-2E732F119D94}.Debug|ARM.Deploy.0 = Debug|iPhone
		{85C75971-BFD1-484E-98A4-2E732F119D94}.Debug|iPhone.ActiveCfg = Debug|iPhone
		{85C75971-BFD1-484E-98A4-2E732F119D94}.Debug|iPhone.Build.0 = Debug|iPhone
		{85C75971-BFD1-484E-98A4-2E732F119D94}.Debug|iPhone.Deploy.0 = Debug|iPhone
		{85C75971-BFD1-484E-98A4-2E732F119D94}.Debug|iPhoneSimulator.ActiveCfg = Debug|iPhoneSimulator
		{85C75971-BFD1-484E-98A4-2E732F119D94}.Debug|iPhoneSimulator.Build.0 = Debug|iPhoneSimulator
		{85C75971-BFD1-484E-98A4-2E732F119D94}.Debug|iPhoneSimulator.Deploy.0 = Debug|iPhoneSimulator
		{85C75971-BFD1-484E-98A4-2E732F119D94}.Debug|x64.ActiveCfg = Debug|iPhoneSimulator
		{85C75971-BFD1-484E-98A4-2E732F119D94}.Debug|x64.Build.0 = Debug|iPhoneSimulator
		{85C75971-BFD1-484E-98A4-2E732F119D94}.Debug|x64.Deploy.0 = Debug|iPhoneSimulator
		{85C75971-BFD1-484E-98A4-2E732F119D94}.Debug|x86.ActiveCfg = Debug|iPhoneSimulator
		{85C75971-BFD1-484E-98A4-2E732F119D94}.Debug|x86.Build.0 = Debug|iPhoneSimulator
		{85C75971-BFD1-484E-98A4-2E732F119D94}.Debug|x86.Deploy.0 = Debug|iPhoneSimulator
		{85C75971-BFD1-484E-98A4-2E732F119D94}.Release|Any CPU.ActiveCfg = Release|iPhoneSimulator
		{85C75971-BFD1-484E-98A4-2E732F119D94}.Release|Any CPU.Build.0 = Release|iPhoneSimulator
		{85C75971-BFD1-484E-98A4-2E732F119D94}.Release|Any CPU.Deploy.0 = Release|iPhoneSimulator
		{85C75971-BFD1-484E-98A4-2E732F119D94}.Release|ARM.ActiveCfg = Release|iPhoneSimulator
		{85C75971-BFD1-484E-98A4-2E732F119D94}.Release|ARM.Build.0 = Release|iPhoneSimulator
		{85C75971-BFD1-484E-98A4-2E732F119D94}.Release|ARM.Deploy.0 = Release|iPhoneSimulator
		{85C75971-BFD1-484E-98A4-2E732F119D94}.Release|iPhone.ActiveCfg = Release|iPhone
		{85C75971-BFD1-484E-98A4-2E732F119D94}.Release|iPhone.Build.0 = Release|iPhone
		{85C75971-BFD1-484E-98A4-2E732F119D94}.Release|iPhone.Deploy.0 = Release|iPhone
		{85C75971-BFD1-484E-98A4-2E732F119D94}.Release|iPhoneSimulator.ActiveCfg = Release|iPhoneSimulator
		{85C75971-BFD1-484E-98A4-2E732F119D94}.Release|iPhoneSimulator.Build.0 = Release|iPhoneSimulator
		{85C75971-BFD1-484E-98A4-2E732F119D94}.Release|iPhoneSimulator.Deploy.0 = Release|iPhoneSimulator
		{85C75971-BFD1-484E-98A4-2E732F119D94}.Release|x64.ActiveCfg = Release|iPhoneSimulator
		{85C75971-BFD1-484E-98A4-2E732F119D94}.Release|x64.Build.0 = Release|iPhoneSimulator
		{85C75971-BFD1-484E-98A4-2E732F119D94}.Release|x64.Deploy.0 = Release|iPhoneSimulator
		{85C75971-BFD1-484E-98A4-2E732F119D94}.Release|x86.ActiveCfg = Release|iPhoneSimulator
		{85C75971-BFD1-484E-98A4-2E732F119D94}.Release|x86.Build.0 = Release|iPhoneSimulator
		{85C75971-BFD1-484E-98A4-2E732F119D94}.Release|x86.Deploy.0 = Release|iPhoneSimulator
		{12F5F587-547E-46E9-96AD-A6000060B246}.Debug|Any CPU.ActiveCfg = Debug|Any CPU
		{12F5F587-547E-46E9-96AD-A6000060B246}.Debug|Any CPU.Build.0 = Debug|Any CPU
		{12F5F587-547E-46E9-96AD-A6000060B246}.Debug|Any CPU.Deploy.0 = Debug|Any CPU
		{12F5F587-547E-46E9-96AD-A6000060B246}.Debug|ARM.ActiveCfg = Debug|Any CPU
		{12F5F587-547E-46E9-96AD-A6000060B246}.Debug|ARM.Build.0 = Debug|Any CPU
		{12F5F587-547E-46E9-96AD-A6000060B246}.Debug|ARM.Deploy.0 = Debug|Any CPU
		{12F5F587-547E-46E9-96AD-A6000060B246}.Debug|iPhone.ActiveCfg = Debug|Any CPU
		{12F5F587-547E-46E9-96AD-A6000060B246}.Debug|iPhone.Build.0 = Debug|Any CPU
		{12F5F587-547E-46E9-96AD-A6000060B246}.Debug|iPhone.Deploy.0 = Debug|Any CPU
		{12F5F587-547E-46E9-96AD-A6000060B246}.Debug|iPhoneSimulator.ActiveCfg = Debug|Any CPU
		{12F5F587-547E-46E9-96AD-A6000060B246}.Debug|iPhoneSimulator.Build.0 = Debug|Any CPU
		{12F5F587-547E-46E9-96AD-A6000060B246}.Debug|iPhoneSimulator.Deploy.0 = Debug|Any CPU
		{12F5F587-547E-46E9-96AD-A6000060B246}.Debug|x64.ActiveCfg = Debug|Any CPU
		{12F5F587-547E-46E9-96AD-A6000060B246}.Debug|x64.Build.0 = Debug|Any CPU
		{12F5F587-547E-46E9-96AD-A6000060B246}.Debug|x64.Deploy.0 = Debug|Any CPU
		{12F5F587-547E-46E9-96AD-A6000060B246}.Debug|x86.ActiveCfg = Debug|Any CPU
		{12F5F587-547E-46E9-96AD-A6000060B246}.Debug|x86.Build.0 = Debug|Any CPU
		{12F5F587-547E-46E9-96AD-A6000060B246}.Debug|x86.Deploy.0 = Debug|Any CPU
		{12F5F587-547E-46E9-96AD-A6000060B246}.Release|Any CPU.ActiveCfg = Release|Any CPU
		{12F5F587-547E-46E9-96AD-A6000060B246}.Release|Any CPU.Build.0 = Release|Any CPU
		{12F5F587-547E-46E9-96AD-A6000060B246}.Release|Any CPU.Deploy.0 = Release|Any CPU
		{12F5F587-547E-46E9-96AD-A6000060B246}.Release|ARM.ActiveCfg = Release|Any CPU
		{12F5F587-547E-46E9-96AD-A6000060B246}.Release|ARM.Build.0 = Release|Any CPU
		{12F5F587-547E-46E9-96AD-A6000060B246}.Release|ARM.Deploy.0 = Release|Any CPU
		{12F5F587-547E-46E9-96AD-A6000060B246}.Release|iPhone.ActiveCfg = Release|Any CPU
		{12F5F587-547E-46E9-96AD-A6000060B246}.Release|iPhone.Build.0 = Release|Any CPU
		{12F5F587-547E-46E9-96AD-A6000060B246}.Release|iPhone.Deploy.0 = Release|Any CPU
		{12F5F587-547E-46E9-96AD-A6000060B246}.Release|iPhoneSimulator.ActiveCfg = Release|Any CPU
		{12F5F587-547E-46E9-96AD-A6000060B246}.Release|iPhoneSimulator.Build.0 = Release|Any CPU
		{12F5F587-547E-46E9-96AD-A6000060B246}.Release|iPhoneSimulator.Deploy.0 = Release|Any CPU
		{12F5F587-547E-46E9-96AD-A6000060B246}.Release|x64.ActiveCfg = Release|Any CPU
		{12F5F587-547E-46E9-96AD-A6000060B246}.Release|x64.Build.0 = Release|Any CPU
		{12F5F587-547E-46E9-96AD-A6000060B246}.Release|x64.Deploy.0 = Release|Any CPU
		{12F5F587-547E-46E9-96AD-A6000060B246}.Release|x86.ActiveCfg = Release|Any CPU
		{12F5F587-547E-46E9-96AD-A6000060B246}.Release|x86.Build.0 = Release|Any CPU
		{12F5F587-547E-46E9-96AD-A6000060B246}.Release|x86.Deploy.0 = Release|Any CPU
	EndGlobalSection
	GlobalSection(SolutionProperties) = preSolution
		HideSolutionNode = FALSE
	EndGlobalSection
	GlobalSection(ExtensibilityGlobals) = postSolution
		SolutionGuid = {3A691316-11CF-4383-8C5A-3C566C93458A}
	EndGlobalSection
EndGlobal
