
Microsoft Visual Studio Solution File, Format Version 12.00
# Visual Studio Version 16
VisualStudioVersion = 16.0.32126.315
MinimumVisualStudioVersion = 10.0.40219.1
Project("{FAE04EC0-301F-11D3-BF4B-00C04F79EFBC}") = "conversorDivisas.UWP", "conversorDivisas\conversorDivisas.UWP\conversorDivisas.UWP.csproj", "{19DF0515-6C6D-4B43-A37D-0DBFB7C99ED1}"
EndProject
Project("{FAE04EC0-301F-11D3-BF4B-00C04F79EFBC}") = "conversorDivisas.Android", "conversorDivisas\conversorDivisas.Android\conversorDivisas.Android.csproj", "{9B750681-A550-47E4-9428-87AAC30F2B7A}"
EndProject
Project("{FAE04EC0-301F-11D3-BF4B-00C04F79EFBC}") = "conversorDivisas.iOS", "conversorDivisas\conversorDivisas.iOS\conversorDivisas.iOS.csproj", "{1793D768-5435-4884-B928-4C9B94235D73}"
EndProject
Project("{FAE04EC0-301F-11D3-BF4B-00C04F79EFBC}") = "conversorDivisas", "conversorDivisas\conversorDivisas\conversorDivisas.csproj", "{E7381494-7EDE-454E-8980-FF7D86085BA3}"
EndProject
Global
	GlobalSection(SolutionConfigurationPlatforms) = preSolution
		Debug|Any CPU = Debug|Any CPU
		Debug|ARM = Debug|ARM
		Debug|iPhone = Debug|iPhone
		Debug|iPhoneSimulator = Debug|iPhoneSimulator
		Debug|x64 = Debug|x64
		Debug|x86 = Debug|x86
		Release|Any CPU = Release|Any CPU
		Release|ARM = Release|ARM
		Release|iPhone = Release|iPhone
		Release|iPhoneSimulator = Release|iPhoneSimulator
		Release|x64 = Release|x64
		Release|x86 = Release|x86
	EndGlobalSection
	GlobalSection(ProjectConfigurationPlatforms) = postSolution
		{19DF0515-6C6D-4B43-A37D-0DBFB7C99ED1}.Debug|Any CPU.ActiveCfg = Debug|x86
		{19DF0515-6C6D-4B43-A37D-0DBFB7C99ED1}.Debug|Any CPU.Build.0 = Debug|x86
		{19DF0515-6C6D-4B43-A37D-0DBFB7C99ED1}.Debug|Any CPU.Deploy.0 = Debug|x86
		{19DF0515-6C6D-4B43-A37D-0DBFB7C99ED1}.Debug|ARM.ActiveCfg = Debug|ARM
		{19DF0515-6C6D-4B43-A37D-0DBFB7C99ED1}.Debug|ARM.Build.0 = Debug|ARM
		{19DF0515-6C6D-4B43-A37D-0DBFB7C99ED1}.Debug|ARM.Deploy.0 = Debug|ARM
		{19DF0515-6C6D-4B43-A37D-0DBFB7C99ED1}.Debug|iPhone.ActiveCfg = Debug|x86
		{19DF0515-6C6D-4B43-A37D-0DBFB7C99ED1}.Debug|iPhone.Build.0 = Debug|x86
		{19DF0515-6C6D-4B43-A37D-0DBFB7C99ED1}.Debug|iPhone.Deploy.0 = Debug|x86
		{19DF0515-6C6D-4B43-A37D-0DBFB7C99ED1}.Debug|iPhoneSimulator.ActiveCfg = Debug|x86
		{19DF0515-6C6D-4B43-A37D-0DBFB7C99ED1}.Debug|iPhoneSimulator.Build.0 = Debug|x86
		{19DF0515-6C6D-4B43-A37D-0DBFB7C99ED1}.Debug|iPhoneSimulator.Deploy.0 = Debug|x86
		{19DF0515-6C6D-4B43-A37D-0DBFB7C99ED1}.Debug|x64.ActiveCfg = Debug|x64
		{19DF0515-6C6D-4B43-A37D-0DBFB7C99ED1}.Debug|x64.Build.0 = Debug|x64
		{19DF0515-6C6D-4B43-A37D-0DBFB7C99ED1}.Debug|x64.Deploy.0 = Debug|x64
		{19DF0515-6C6D-4B43-A37D-0DBFB7C99ED1}.Debug|x86.ActiveCfg = Debug|x86
		{19DF0515-6C6D-4B43-A37D-0DBFB7C99ED1}.Debug|x86.Build.0 = Debug|x86
		{19DF0515-6C6D-4B43-A37D-0DBFB7C99ED1}.Debug|x86.Deploy.0 = Debug|x86
		{19DF0515-6C6D-4B43-A37D-0DBFB7C99ED1}.Release|Any CPU.ActiveCfg = Release|x86
		{19DF0515-6C6D-4B43-A37D-0DBFB7C99ED1}.Release|Any CPU.Build.0 = Release|x86
		{19DF0515-6C6D-4B43-A37D-0DBFB7C99ED1}.Release|Any CPU.Deploy.0 = Release|x86
		{19DF0515-6C6D-4B43-A37D-0DBFB7C99ED1}.Release|ARM.ActiveCfg = Release|ARM
		{19DF0515-6C6D-4B43-A37D-0DBFB7C99ED1}.Release|ARM.Build.0 = Release|ARM
		{19DF0515-6C6D-4B43-A37D-0DBFB7C99ED1}.Release|ARM.Deploy.0 = Release|ARM
		{19DF0515-6C6D-4B43-A37D-0DBFB7C99ED1}.Release|iPhone.ActiveCfg = Release|x86
		{19DF0515-6C6D-4B43-A37D-0DBFB7C99ED1}.Release|iPhone.Build.0 = Release|x86
		{19DF0515-6C6D-4B43-A37D-0DBFB7C99ED1}.Release|iPhone.Deploy.0 = Release|x86
		{19DF0515-6C6D-4B43-A37D-0DBFB7C99ED1}.Release|iPhoneSimulator.ActiveCfg = Release|x86
		{19DF0515-6C6D-4B43-A37D-0DBFB7C99ED1}.Release|iPhoneSimulator.Build.0 = Release|x86
		{19DF0515-6C6D-4B43-A37D-0DBFB7C99ED1}.Release|iPhoneSimulator.Deploy.0 = Release|x86
		{19DF0515-6C6D-4B43-A37D-0DBFB7C99ED1}.Release|x64.ActiveCfg = Release|x64
		{19DF0515-6C6D-4B43-A37D-0DBFB7C99ED1}.Release|x64.Build.0 = Release|x64
		{19DF0515-6C6D-4B43-A37D-0DBFB7C99ED1}.Release|x64.Deploy.0 = Release|x64
		{19DF0515-6C6D-4B43-A37D-0DBFB7C99ED1}.Release|x86.ActiveCfg = Release|x86
		{19DF0515-6C6D-4B43-A37D-0DBFB7C99ED1}.Release|x86.Build.0 = Release|x86
		{19DF0515-6C6D-4B43-A37D-0DBFB7C99ED1}.Release|x86.Deploy.0 = Release|x86
		{9B750681-A550-47E4-9428-87AAC30F2B7A}.Debug|Any CPU.ActiveCfg = Debug|Any CPU
		{9B750681-A550-47E4-9428-87AAC30F2B7A}.Debug|Any CPU.Build.0 = Debug|Any CPU
		{9B750681-A550-47E4-9428-87AAC30F2B7A}.Debug|Any CPU.Deploy.0 = Debug|Any CPU
		{9B750681-A550-47E4-9428-87AAC30F2B7A}.Debug|ARM.ActiveCfg = Debug|Any CPU
		{9B750681-A550-47E4-9428-87AAC30F2B7A}.Debug|ARM.Build.0 = Debug|Any CPU
		{9B750681-A550-47E4-9428-87AAC30F2B7A}.Debug|ARM.Deploy.0 = Debug|Any CPU
		{9B750681-A550-47E4-9428-87AAC30F2B7A}.Debug|iPhone.ActiveCfg = Debug|Any CPU
		{9B750681-A550-47E4-9428-87AAC30F2B7A}.Debug|iPhone.Build.0 = Debug|Any CPU
		{9B750681-A550-47E4-9428-87AAC30F2B7A}.Debug|iPhone.Deploy.0 = Debug|Any CPU
		{9B750681-A550-47E4-9428-87AAC30F2B7A}.Debug|iPhoneSimulator.ActiveCfg = Debug|Any CPU
		{9B750681-A550-47E4-9428-87AAC30F2B7A}.Debug|iPhoneSimulator.Build.0 = Debug|Any CPU
		{9B750681-A550-47E4-9428-87AAC30F2B7A}.Debug|iPhoneSimulator.Deploy.0 = Debug|Any CPU
		{9B750681-A550-47E4-9428-87AAC30F2B7A}.Debug|x64.ActiveCfg = Debug|Any CPU
		{9B750681-A550-47E4-9428-87AAC30F2B7A}.Debug|x64.Build.0 = Debug|Any CPU
		{9B750681-A550-47E4-9428-87AAC30F2B7A}.Debug|x64.Deploy.0 = Debug|Any CPU
		{9B750681-A550-47E4-9428-87AAC30F2B7A}.Debug|x86.ActiveCfg = Debug|Any CPU
		{9B750681-A550-47E4-9428-87AAC30F2B7A}.Debug|x86.Build.0 = Debug|Any CPU
		{9B750681-A550-47E4-9428-87AAC30F2B7A}.Debug|x86.Deploy.0 = Debug|Any CPU
		{9B750681-A550-47E4-9428-87AAC30F2B7A}.Release|Any CPU.ActiveCfg = Release|Any CPU
		{9B750681-A550-47E4-9428-87AAC30F2B7A}.Release|Any CPU.Build.0 = Release|Any CPU
		{9B750681-A550-47E4-9428-87AAC30F2B7A}.Release|Any CPU.Deploy.0 = Release|Any CPU
		{9B750681-A550-47E4-9428-87AAC30F2B7A}.Release|ARM.ActiveCfg = Release|Any CPU
		{9B750681-A550-47E4-9428-87AAC30F2B7A}.Release|ARM.Build.0 = Release|Any CPU
		{9B750681-A550-47E4-9428-87AAC30F2B7A}.Release|ARM.Deploy.0 = Release|Any CPU
		{9B750681-A550-47E4-9428-87AAC30F2B7A}.Release|iPhone.ActiveCfg = Release|Any CPU
		{9B750681-A550-47E4-9428-87AAC30F2B7A}.Release|iPhone.Build.0 = Release|Any CPU
		{9B750681-A550-47E4-9428-87AAC30F2B7A}.Release|iPhone.Deploy.0 = Release|Any CPU
		{9B750681-A550-47E4-9428-87AAC30F2B7A}.Release|iPhoneSimulator.ActiveCfg = Release|Any CPU
		{9B750681-A550-47E4-9428-87AAC30F2B7A}.Release|iPhoneSimulator.Build.0 = Release|Any CPU
		{9B750681-A550-47E4-9428-87AAC30F2B7A}.Release|iPhoneSimulator.Deploy.0 = Release|Any CPU
		{9B750681-A550-47E4-9428-87AAC30F2B7A}.Release|x64.ActiveCfg = Release|Any CPU
		{9B750681-A550-47E4-9428-87AAC30F2B7A}.Release|x64.Build.0 = Release|Any CPU
		{9B750681-A550-47E4-9428-87AAC30F2B7A}.Release|x64.Deploy.0 = Release|Any CPU
		{9B750681-A550-47E4-9428-87AAC30F2B7A}.Release|x86.ActiveCfg = Release|Any CPU
		{9B750681-A550-47E4-9428-87AAC30F2B7A}.Release|x86.Build.0 = Release|Any CPU
		{9B750681-A550-47E4-9428-87AAC30F2B7A}.Release|x86.Deploy.0 = Release|Any CPU
		{1793D768-5435-4884-B928-4C9B94235D73}.Debug|Any CPU.ActiveCfg = Debug|iPhoneSimulator
		{1793D768-5435-4884-B928-4C9B94235D73}.Debug|Any CPU.Build.0 = Debug|iPhoneSimulator
		{1793D768-5435-4884-B928-4C9B94235D73}.Debug|Any CPU.Deploy.0 = Debug|iPhoneSimulator
		{1793D768-5435-4884-B928-4C9B94235D73}.Debug|ARM.ActiveCfg = Debug|iPhone
		{1793D768-5435-4884-B928-4C9B94235D73}.Debug|ARM.Build.0 = Debug|iPhone
		{1793D768-5435-4884-B928-4C9B94235D73}.Debug|ARM.Deploy.0 = Debug|iPhone
		{1793D768-5435-4884-B928-4C9B94235D73}.Debug|iPhone.ActiveCfg = Debug|iPhone
		{1793D768-5435-4884-B928-4C9B94235D73}.Debug|iPhone.Build.0 = Debug|iPhone
		{1793D768-5435-4884-B928-4C9B94235D73}.Debug|iPhone.Deploy.0 = Debug|iPhone
		{1793D768-5435-4884-B928-4C9B94235D73}.Debug|iPhoneSimulator.ActiveCfg = Debug|iPhoneSimulator
		{1793D768-5435-4884-B928-4C9B94235D73}.Debug|iPhoneSimulator.Build.0 = Debug|iPhoneSimulator
		{1793D768-5435-4884-B928-4C9B94235D73}.Debug|iPhoneSimulator.Deploy.0 = Debug|iPhoneSimulator
		{1793D768-5435-4884-B928-4C9B94235D73}.Debug|x64.ActiveCfg = Debug|iPhoneSimulator
		{1793D768-5435-4884-B928-4C9B94235D73}.Debug|x64.Build.0 = Debug|iPhoneSimulator
		{1793D768-5435-4884-B928-4C9B94235D73}.Debug|x64.Deploy.0 = Debug|iPhoneSimulator
		{1793D768-5435-4884-B928-4C9B94235D73}.Debug|x86.ActiveCfg = Debug|iPhoneSimulator
		{1793D768-5435-4884-B928-4C9B94235D73}.Debug|x86.Build.0 = Debug|iPhoneSimulator
		{1793D768-5435-4884-B928-4C9B94235D73}.Debug|x86.Deploy.0 = Debug|iPhoneSimulator
		{1793D768-5435-4884-B928-4C9B94235D73}.Release|Any CPU.ActiveCfg = Release|iPhoneSimulator
		{1793D768-5435-4884-B928-4C9B94235D73}.Release|Any CPU.Build.0 = Release|iPhoneSimulator
		{1793D768-5435-4884-B928-4C9B94235D73}.Release|Any CPU.Deploy.0 = Release|iPhoneSimulator
		{1793D768-5435-4884-B928-4C9B94235D73}.Release|ARM.ActiveCfg = Release|iPhoneSimulator
		{1793D768-5435-4884-B928-4C9B94235D73}.Release|ARM.Build.0 = Release|iPhoneSimulator
		{1793D768-5435-4884-B928-4C9B94235D73}.Release|ARM.Deploy.0 = Release|iPhoneSimulator
		{1793D768-5435-4884-B928-4C9B94235D73}.Release|iPhone.ActiveCfg = Release|iPhone
		{1793D768-5435-4884-B928-4C9B94235D73}.Release|iPhone.Build.0 = Release|iPhone
		{1793D768-5435-4884-B928-4C9B94235D73}.Release|iPhone.Deploy.0 = Release|iPhone
		{1793D768-5435-4884-B928-4C9B94235D73}.Release|iPhoneSimulator.ActiveCfg = Release|iPhoneSimulator
		{1793D768-5435-4884-B928-4C9B94235D73}.Release|iPhoneSimulator.Build.0 = Release|iPhoneSimulator
		{1793D768-5435-4884-B928-4C9B94235D73}.Release|iPhoneSimulator.Deploy.0 = Release|iPhoneSimulator
		{1793D768-5435-4884-B928-4C9B94235D73}.Release|x64.ActiveCfg = Release|iPhoneSimulator
		{1793D768-5435-4884-B928-4C9B94235D73}.Release|x64.Build.0 = Release|iPhoneSimulator
		{1793D768-5435-4884-B928-4C9B94235D73}.Release|x64.Deploy.0 = Release|iPhoneSimulator
		{1793D768-5435-4884-B928-4C9B94235D73}.Release|x86.ActiveCfg = Release|iPhoneSimulator
		{1793D768-5435-4884-B928-4C9B94235D73}.Release|x86.Build.0 = Release|iPhoneSimulator
		{1793D768-5435-4884-B928-4C9B94235D73}.Release|x86.Deploy.0 = Release|iPhoneSimulator
		{E7381494-7EDE-454E-8980-FF7D86085BA3}.Debug|Any CPU.ActiveCfg = Debug|Any CPU
		{E7381494-7EDE-454E-8980-FF7D86085BA3}.Debug|Any CPU.Build.0 = Debug|Any CPU
		{E7381494-7EDE-454E-8980-FF7D86085BA3}.Debug|Any CPU.Deploy.0 = Debug|Any CPU
		{E7381494-7EDE-454E-8980-FF7D86085BA3}.Debug|ARM.ActiveCfg = Debug|Any CPU
		{E7381494-7EDE-454E-8980-FF7D86085BA3}.Debug|ARM.Build.0 = Debug|Any CPU
		{E7381494-7EDE-454E-8980-FF7D86085BA3}.Debug|ARM.Deploy.0 = Debug|Any CPU
		{E7381494-7EDE-454E-8980-FF7D86085BA3}.Debug|iPhone.ActiveCfg = Debug|Any CPU
		{E7381494-7EDE-454E-8980-FF7D86085BA3}.Debug|iPhone.Build.0 = Debug|Any CPU
		{E7381494-7EDE-454E-8980-FF7D86085BA3}.Debug|iPhone.Deploy.0 = Debug|Any CPU
		{E7381494-7EDE-454E-8980-FF7D86085BA3}.Debug|iPhoneSimulator.ActiveCfg = Debug|Any CPU
		{E7381494-7EDE-454E-8980-FF7D86085BA3}.Debug|iPhoneSimulator.Build.0 = Debug|Any CPU
		{E7381494-7EDE-454E-8980-FF7D86085BA3}.Debug|iPhoneSimulator.Deploy.0 = Debug|Any CPU
		{E7381494-7EDE-454E-8980-FF7D86085BA3}.Debug|x64.ActiveCfg = Debug|Any CPU
		{E7381494-7EDE-454E-8980-FF7D86085BA3}.Debug|x64.Build.0 = Debug|Any CPU
		{E7381494-7EDE-454E-8980-FF7D86085BA3}.Debug|x64.Deploy.0 = Debug|Any CPU
		{E7381494-7EDE-454E-8980-FF7D86085BA3}.Debug|x86.ActiveCfg = Debug|Any CPU
		{E7381494-7EDE-454E-8980-FF7D86085BA3}.Debug|x86.Build.0 = Debug|Any CPU
		{E7381494-7EDE-454E-8980-FF7D86085BA3}.Debug|x86.Deploy.0 = Debug|Any CPU
		{E7381494-7EDE-454E-8980-FF7D86085BA3}.Release|Any CPU.ActiveCfg = Release|Any CPU
		{E7381494-7EDE-454E-8980-FF7D86085BA3}.Release|Any CPU.Build.0 = Release|Any CPU
		{E7381494-7EDE-454E-8980-FF7D86085BA3}.Release|Any CPU.Deploy.0 = Release|Any CPU
		{E7381494-7EDE-454E-8980-FF7D86085BA3}.Release|ARM.ActiveCfg = Release|Any CPU
		{E7381494-7EDE-454E-8980-FF7D86085BA3}.Release|ARM.Build.0 = Release|Any CPU
		{E7381494-7EDE-454E-8980-FF7D86085BA3}.Release|ARM.Deploy.0 = Release|Any CPU
		{E7381494-7EDE-454E-8980-FF7D86085BA3}.Release|iPhone.ActiveCfg = Release|Any CPU
		{E7381494-7EDE-454E-8980-FF7D86085BA3}.Release|iPhone.Build.0 = Release|Any CPU
		{E7381494-7EDE-454E-8980-FF7D86085BA3}.Release|iPhone.Deploy.0 = Release|Any CPU
		{E7381494-7EDE-454E-8980-FF7D86085BA3}.Release|iPhoneSimulator.ActiveCfg = Release|Any CPU
		{E7381494-7EDE-454E-8980-FF7D86085BA3}.Release|iPhoneSimulator.Build.0 = Release|Any CPU
		{E7381494-7EDE-454E-8980-FF7D86085BA3}.Release|iPhoneSimulator.Deploy.0 = Release|Any CPU
		{E7381494-7EDE-454E-8980-FF7D86085BA3}.Release|x64.ActiveCfg = Release|Any CPU
		{E7381494-7EDE-454E-8980-FF7D86085BA3}.Release|x64.Build.0 = Release|Any CPU
		{E7381494-7EDE-454E-8980-FF7D86085BA3}.Release|x64.Deploy.0 = Release|Any CPU
		{E7381494-7EDE-454E-8980-FF7D86085BA3}.Release|x86.ActiveCfg = Release|Any CPU
		{E7381494-7EDE-454E-8980-FF7D86085BA3}.Release|x86.Build.0 = Release|Any CPU
		{E7381494-7EDE-454E-8980-FF7D86085BA3}.Release|x86.Deploy.0 = Release|Any CPU
	EndGlobalSection
	GlobalSection(SolutionProperties) = preSolution
		HideSolutionNode = FALSE
	EndGlobalSection
	GlobalSection(ExtensibilityGlobals) = postSolution
		SolutionGuid = {72A34E08-122E-441C-8930-8FFADA8F3692}
	EndGlobalSection
EndGlobal
