
Microsoft Visual Studio Solution File, Format Version 12.00
# Visual Studio Version 16
VisualStudioVersion = 16.0.32126.315
MinimumVisualStudioVersion = 10.0.40219.1
Project("{FAE04EC0-301F-11D3-BF4B-00C04F79EFBC}") = "conversorDivisas.UWP", "conversorDivisas\conversorDivisas.UWP\conversorDivisas.UWP.csproj", "{7CD3A8E7-9929-48D2-8A08-80BDAA05830C}"
EndProject
Project("{FAE04EC0-301F-11D3-BF4B-00C04F79EFBC}") = "conversorDivisas.Android", "conversorDivisas\conversorDivisas.Android\conversorDivisas.Android.csproj", "{EA2B7262-C0D4-4415-9C1E-826173C78285}"
EndProject
Project("{FAE04EC0-301F-11D3-BF4B-00C04F79EFBC}") = "conversorDivisas.iOS", "conversorDivisas\conversorDivisas.iOS\conversorDivisas.iOS.csproj", "{94E3200E-3409-40F6-A695-83149E2CCE0F}"
EndProject
Project("{FAE04EC0-301F-11D3-BF4B-00C04F79EFBC}") = "conversorDivisas", "conversorDivisas\conversorDivisas\conversorDivisas.csproj", "{6AF73D0A-9414-47BE-ACF1-38BE2D37F3E4}"
EndProject
Global
	GlobalSection(SolutionConfigurationPlatforms) = preSolution
		Debug|Any CPU = Debug|Any CPU
		Debug|ARM = Debug|ARM
		Debug|iPhone = Debug|iPhone
		Debug|iPhoneSimulator = Debug|iPhoneSimulator
		Debug|x64 = Debug|x64
		Debug|x86 = Debug|x86
		Release|Any CPU = Release|Any CPU
		Release|ARM = Release|ARM
		Release|iPhone = Release|iPhone
		Release|iPhoneSimulator = Release|iPhoneSimulator
		Release|x64 = Release|x64
		Release|x86 = Release|x86
	EndGlobalSection
	GlobalSection(ProjectConfigurationPlatforms) = postSolution
		{7CD3A8E7-9929-48D2-8A08-80BDAA05830C}.Debug|Any CPU.ActiveCfg = Debug|x86
		{7CD3A8E7-9929-48D2-8A08-80BDAA05830C}.Debug|Any CPU.Build.0 = Debug|x86
		{7CD3A8E7-9929-48D2-8A08-80BDAA05830C}.Debug|Any CPU.Deploy.0 = Debug|x86
		{7CD3A8E7-9929-48D2-8A08-80BDAA05830C}.Debug|ARM.ActiveCfg = Debug|ARM
		{7CD3A8E7-9929-48D2-8A08-80BDAA05830C}.Debug|ARM.Build.0 = Debug|ARM
		{7CD3A8E7-9929-48D2-8A08-80BDAA05830C}.Debug|ARM.Deploy.0 = Debug|ARM
		{7CD3A8E7-9929-48D2-8A08-80BDAA05830C}.Debug|iPhone.ActiveCfg = Debug|x86
		{7CD3A8E7-9929-48D2-8A08-80BDAA05830C}.Debug|iPhone.Build.0 = Debug|x86
		{7CD3A8E7-9929-48D2-8A08-80BDAA05830C}.Debug|iPhone.Deploy.0 = Debug|x86
		{7CD3A8E7-9929-48D2-8A08-80BDAA05830C}.Debug|iPhoneSimulator.ActiveCfg = Debug|x86
		{7CD3A8E7-9929-48D2-8A08-80BDAA05830C}.Debug|iPhoneSimulator.Build.0 = Debug|x86
		{7CD3A8E7-9929-48D2-8A08-80BDAA05830C}.Debug|iPhoneSimulator.Deploy.0 = Debug|x86
		{7CD3A8E7-9929-48D2-8A08-80BDAA05830C}.Debug|x64.ActiveCfg = Debug|x64
		{7CD3A8E7-9929-48D2-8A08-80BDAA05830C}.Debug|x64.Build.0 = Debug|x64
		{7CD3A8E7-9929-48D2-8A08-80BDAA05830C}.Debug|x64.Deploy.0 = Debug|x64
		{7CD3A8E7-9929-48D2-8A08-80BDAA05830C}.Debug|x86.ActiveCfg = Debug|x86
		{7CD3A8E7-9929-48D2-8A08-80BDAA05830C}.Debug|x86.Build.0 = Debug|x86
		{7CD3A8E7-9929-48D2-8A08-80BDAA05830C}.Debug|x86.Deploy.0 = Debug|x86
		{7CD3A8E7-9929-48D2-8A08-80BDAA05830C}.Release|Any CPU.ActiveCfg = Release|x86
		{7CD3A8E7-9929-48D2-8A08-80BDAA05830C}.Release|Any CPU.Build.0 = Release|x86
		{7CD3A8E7-9929-48D2-8A08-80BDAA05830C}.Release|Any CPU.Deploy.0 = Release|x86
		{7CD3A8E7-9929-48D2-8A08-80BDAA05830C}.Release|ARM.ActiveCfg = Release|ARM
		{7CD3A8E7-9929-48D2-8A08-80BDAA05830C}.Release|ARM.Build.0 = Release|ARM
		{7CD3A8E7-9929-48D2-8A08-80BDAA05830C}.Release|ARM.Deploy.0 = Release|ARM
		{7CD3A8E7-9929-48D2-8A08-80BDAA05830C}.Release|iPhone.ActiveCfg = Release|x86
		{7CD3A8E7-9929-48D2-8A08-80BDAA05830C}.Release|iPhone.Build.0 = Release|x86
		{7CD3A8E7-9929-48D2-8A08-80BDAA05830C}.Release|iPhone.Deploy.0 = Release|x86
		{7CD3A8E7-9929-48D2-8A08-80BDAA05830C}.Release|iPhoneSimulator.ActiveCfg = Release|x86
		{7CD3A8E7-9929-48D2-8A08-80BDAA05830C}.Release|iPhoneSimulator.Build.0 = Release|x86
		{7CD3A8E7-9929-48D2-8A08-80BDAA05830C}.Release|iPhoneSimulator.Deploy.0 = Release|x86
		{7CD3A8E7-9929-48D2-8A08-80BDAA05830C}.Release|x64.ActiveCfg = Release|x64
		{7CD3A8E7-9929-48D2-8A08-80BDAA05830C}.Release|x64.Build.0 = Release|x64
		{7CD3A8E7-9929-48D2-8A08-80BDAA05830C}.Release|x64.Deploy.0 = Release|x64
		{7CD3A8E7-9929-48D2-8A08-80BDAA05830C}.Release|x86.ActiveCfg = Release|x86
		{7CD3A8E7-9929-48D2-8A08-80BDAA05830C}.Release|x86.Build.0 = Release|x86
		{7CD3A8E7-9929-48D2-8A08-80BDAA05830C}.Release|x86.Deploy.0 = Release|x86
		{EA2B7262-C0D4-4415-9C1E-826173C78285}.Debug|Any CPU.ActiveCfg = Debug|Any CPU
		{EA2B7262-C0D4-4415-9C1E-826173C78285}.Debug|Any CPU.Build.0 = Debug|Any CPU
		{EA2B7262-C0D4-4415-9C1E-826173C78285}.Debug|Any CPU.Deploy.0 = Debug|Any CPU
		{EA2B7262-C0D4-4415-9C1E-826173C78285}.Debug|ARM.ActiveCfg = Debug|Any CPU
		{EA2B7262-C0D4-4415-9C1E-826173C78285}.Debug|ARM.Build.0 = Debug|Any CPU
		{EA2B7262-C0D4-4415-9C1E-826173C78285}.Debug|ARM.Deploy.0 = Debug|Any CPU
		{EA2B7262-C0D4-4415-9C1E-826173C78285}.Debug|iPhone.ActiveCfg = Debug|Any CPU
		{EA2B7262-C0D4-4415-9C1E-826173C78285}.Debug|iPhone.Build.0 = Debug|Any CPU
		{EA2B7262-C0D4-4415-9C1E-826173C78285}.Debug|iPhone.Deploy.0 = Debug|Any CPU
		{EA2B7262-C0D4-4415-9C1E-826173C78285}.Debug|iPhoneSimulator.ActiveCfg = Debug|Any CPU
		{EA2B7262-C0D4-4415-9C1E-826173C78285}.Debug|iPhoneSimulator.Build.0 = Debug|Any CPU
		{EA2B7262-C0D4-4415-9C1E-826173C78285}.Debug|iPhoneSimulator.Deploy.0 = Debug|Any CPU
		{EA2B7262-C0D4-4415-9C1E-826173C78285}.Debug|x64.ActiveCfg = Debug|Any CPU
		{EA2B7262-C0D4-4415-9C1E-826173C78285}.Debug|x64.Build.0 = Debug|Any CPU
		{EA2B7262-C0D4-4415-9C1E-826173C78285}.Debug|x64.Deploy.0 = Debug|Any CPU
		{EA2B7262-C0D4-4415-9C1E-826173C78285}.Debug|x86.ActiveCfg = Debug|Any CPU
		{EA2B7262-C0D4-4415-9C1E-826173C78285}.Debug|x86.Build.0 = Debug|Any CPU
		{EA2B7262-C0D4-4415-9C1E-826173C78285}.Debug|x86.Deploy.0 = Debug|Any CPU
		{EA2B7262-C0D4-4415-9C1E-826173C78285}.Release|Any CPU.ActiveCfg = Release|Any CPU
		{EA2B7262-C0D4-4415-9C1E-826173C78285}.Release|Any CPU.Build.0 = Release|Any CPU
		{EA2B7262-C0D4-4415-9C1E-826173C78285}.Release|Any CPU.Deploy.0 = Release|Any CPU
		{EA2B7262-C0D4-4415-9C1E-826173C78285}.Release|ARM.ActiveCfg = Release|Any CPU
		{EA2B7262-C0D4-4415-9C1E-826173C78285}.Release|ARM.Build.0 = Release|Any CPU
		{EA2B7262-C0D4-4415-9C1E-826173C78285}.Release|ARM.Deploy.0 = Release|Any CPU
		{EA2B7262-C0D4-4415-9C1E-826173C78285}.Release|iPhone.ActiveCfg = Release|Any CPU
		{EA2B7262-C0D4-4415-9C1E-826173C78285}.Release|iPhone.Build.0 = Release|Any CPU
		{EA2B7262-C0D4-4415-9C1E-826173C78285}.Release|iPhone.Deploy.0 = Release|Any CPU
		{EA2B7262-C0D4-4415-9C1E-826173C78285}.Release|iPhoneSimulator.ActiveCfg = Release|Any CPU
		{EA2B7262-C0D4-4415-9C1E-826173C78285}.Release|iPhoneSimulator.Build.0 = Release|Any CPU
		{EA2B7262-C0D4-4415-9C1E-826173C78285}.Release|iPhoneSimulator.Deploy.0 = Release|Any CPU
		{EA2B7262-C0D4-4415-9C1E-826173C78285}.Release|x64.ActiveCfg = Release|Any CPU
		{EA2B7262-C0D4-4415-9C1E-826173C78285}.Release|x64.Build.0 = Release|Any CPU
		{EA2B7262-C0D4-4415-9C1E-826173C78285}.Release|x64.Deploy.0 = Release|Any CPU
		{EA2B7262-C0D4-4415-9C1E-826173C78285}.Release|x86.ActiveCfg = Release|Any CPU
		{EA2B7262-C0D4-4415-9C1E-826173C78285}.Release|x86.Build.0 = Release|Any CPU
		{EA2B7262-C0D4-4415-9C1E-826173C78285}.Release|x86.Deploy.0 = Release|Any CPU
		{94E3200E-3409-40F6-A695-83149E2CCE0F}.Debug|Any CPU.ActiveCfg = Debug|iPhoneSimulator
		{94E3200E-3409-40F6-A695-83149E2CCE0F}.Debug|Any CPU.Build.0 = Debug|iPhoneSimulator
		{94E3200E-3409-40F6-A695-83149E2CCE0F}.Debug|Any CPU.Deploy.0 = Debug|iPhoneSimulator
		{94E3200E-3409-40F6-A695-83149E2CCE0F}.Debug|ARM.ActiveCfg = Debug|iPhone
		{94E3200E-3409-40F6-A695-83149E2CCE0F}.Debug|ARM.Build.0 = Debug|iPhone
		{94E3200E-3409-40F6-A695-83149E2CCE0F}.Debug|ARM.Deploy.0 = Debug|iPhone
		{94E3200E-3409-40F6-A695-83149E2CCE0F}.Debug|iPhone.ActiveCfg = Debug|iPhone
		{94E3200E-3409-40F6-A695-83149E2CCE0F}.Debug|iPhone.Build.0 = Debug|iPhone
		{94E3200E-3409-40F6-A695-83149E2CCE0F}.Debug|iPhone.Deploy.0 = Debug|iPhone
		{94E3200E-3409-40F6-A695-83149E2CCE0F}.Debug|iPhoneSimulator.ActiveCfg = Debug|iPhoneSimulator
		{94E3200E-3409-40F6-A695-83149E2CCE0F}.Debug|iPhoneSimulator.Build.0 = Debug|iPhoneSimulator
		{94E3200E-3409-40F6-A695-83149E2CCE0F}.Debug|iPhoneSimulator.Deploy.0 = Debug|iPhoneSimulator
		{94E3200E-3409-40F6-A695-83149E2CCE0F}.Debug|x64.ActiveCfg = Debug|iPhoneSimulator
		{94E3200E-3409-40F6-A695-83149E2CCE0F}.Debug|x64.Build.0 = Debug|iPhoneSimulator
		{94E3200E-3409-40F6-A695-83149E2CCE0F}.Debug|x64.Deploy.0 = Debug|iPhoneSimulator
		{94E3200E-3409-40F6-A695-83149E2CCE0F}.Debug|x86.ActiveCfg = Debug|iPhoneSimulator
		{94E3200E-3409-40F6-A695-83149E2CCE0F}.Debug|x86.Build.0 = Debug|iPhoneSimulator
		{94E3200E-3409-40F6-A695-83149E2CCE0F}.Debug|x86.Deploy.0 = Debug|iPhoneSimulator
		{94E3200E-3409-40F6-A695-83149E2CCE0F}.Release|Any CPU.ActiveCfg = Release|iPhoneSimulator
		{94E3200E-3409-40F6-A695-83149E2CCE0F}.Release|Any CPU.Build.0 = Release|iPhoneSimulator
		{94E3200E-3409-40F6-A695-83149E2CCE0F}.Release|Any CPU.Deploy.0 = Release|iPhoneSimulator
		{94E3200E-3409-40F6-A695-83149E2CCE0F}.Release|ARM.ActiveCfg = Release|iPhoneSimulator
		{94E3200E-3409-40F6-A695-83149E2CCE0F}.Release|ARM.Build.0 = Release|iPhoneSimulator
		{94E3200E-3409-40F6-A695-83149E2CCE0F}.Release|ARM.Deploy.0 = Release|iPhoneSimulator
		{94E3200E-3409-40F6-A695-83149E2CCE0F}.Release|iPhone.ActiveCfg = Release|iPhone
		{94E3200E-3409-40F6-A695-83149E2CCE0F}.Release|iPhone.Build.0 = Release|iPhone
		{94E3200E-3409-40F6-A695-83149E2CCE0F}.Release|iPhone.Deploy.0 = Release|iPhone
		{94E3200E-3409-40F6-A695-83149E2CCE0F}.Release|iPhoneSimulator.ActiveCfg = Release|iPhoneSimulator
		{94E3200E-3409-40F6-A695-83149E2CCE0F}.Release|iPhoneSimulator.Build.0 = Release|iPhoneSimulator
		{94E3200E-3409-40F6-A695-83149E2CCE0F}.Release|iPhoneSimulator.Deploy.0 = Release|iPhoneSimulator
		{94E3200E-3409-40F6-A695-83149E2CCE0F}.Release|x64.ActiveCfg = Release|iPhoneSimulator
		{94E3200E-3409-40F6-A695-83149E2CCE0F}.Release|x64.Build.0 = Release|iPhoneSimulator
		{94E3200E-3409-40F6-A695-83149E2CCE0F}.Release|x64.Deploy.0 = Release|iPhoneSimulator
		{94E3200E-3409-40F6-A695-83149E2CCE0F}.Release|x86.ActiveCfg = Release|iPhoneSimulator
		{94E3200E-3409-40F6-A695-83149E2CCE0F}.Release|x86.Build.0 = Release|iPhoneSimulator
		{94E3200E-3409-40F6-A695-83149E2CCE0F}.Release|x86.Deploy.0 = Release|iPhoneSimulator
		{6AF73D0A-9414-47BE-ACF1-38BE2D37F3E4}.Debug|Any CPU.ActiveCfg = Debug|Any CPU
		{6AF73D0A-9414-47BE-ACF1-38BE2D37F3E4}.Debug|Any CPU.Build.0 = Debug|Any CPU
		{6AF73D0A-9414-47BE-ACF1-38BE2D37F3E4}.Debug|Any CPU.Deploy.0 = Debug|Any CPU
		{6AF73D0A-9414-47BE-ACF1-38BE2D37F3E4}.Debug|ARM.ActiveCfg = Debug|Any CPU
		{6AF73D0A-9414-47BE-ACF1-38BE2D37F3E4}.Debug|ARM.Build.0 = Debug|Any CPU
		{6AF73D0A-9414-47BE-ACF1-38BE2D37F3E4}.Debug|ARM.Deploy.0 = Debug|Any CPU
		{6AF73D0A-9414-47BE-ACF1-38BE2D37F3E4}.Debug|iPhone.ActiveCfg = Debug|Any CPU
		{6AF73D0A-9414-47BE-ACF1-38BE2D37F3E4}.Debug|iPhone.Build.0 = Debug|Any CPU
		{6AF73D0A-9414-47BE-ACF1-38BE2D37F3E4}.Debug|iPhone.Deploy.0 = Debug|Any CPU
		{6AF73D0A-9414-47BE-ACF1-38BE2D37F3E4}.Debug|iPhoneSimulator.ActiveCfg = Debug|Any CPU
		{6AF73D0A-9414-47BE-ACF1-38BE2D37F3E4}.Debug|iPhoneSimulator.Build.0 = Debug|Any CPU
		{6AF73D0A-9414-47BE-ACF1-38BE2D37F3E4}.Debug|iPhoneSimulator.Deploy.0 = Debug|Any CPU
		{6AF73D0A-9414-47BE-ACF1-38BE2D37F3E4}.Debug|x64.ActiveCfg = Debug|Any CPU
		{6AF73D0A-9414-47BE-ACF1-38BE2D37F3E4}.Debug|x64.Build.0 = Debug|Any CPU
		{6AF73D0A-9414-47BE-ACF1-38BE2D37F3E4}.Debug|x64.Deploy.0 = Debug|Any CPU
		{6AF73D0A-9414-47BE-ACF1-38BE2D37F3E4}.Debug|x86.ActiveCfg = Debug|Any CPU
		{6AF73D0A-9414-47BE-ACF1-38BE2D37F3E4}.Debug|x86.Build.0 = Debug|Any CPU
		{6AF73D0A-9414-47BE-ACF1-38BE2D37F3E4}.Debug|x86.Deploy.0 = Debug|Any CPU
		{6AF73D0A-9414-47BE-ACF1-38BE2D37F3E4}.Release|Any CPU.ActiveCfg = Release|Any CPU
		{6AF73D0A-9414-47BE-ACF1-38BE2D37F3E4}.Release|Any CPU.Build.0 = Release|Any CPU
		{6AF73D0A-9414-47BE-ACF1-38BE2D37F3E4}.Release|Any CPU.Deploy.0 = Release|Any CPU
		{6AF73D0A-9414-47BE-ACF1-38BE2D37F3E4}.Release|ARM.ActiveCfg = Release|Any CPU
		{6AF73D0A-9414-47BE-ACF1-38BE2D37F3E4}.Release|ARM.Build.0 = Release|Any CPU
		{6AF73D0A-9414-47BE-ACF1-38BE2D37F3E4}.Release|ARM.Deploy.0 = Release|Any CPU
		{6AF73D0A-9414-47BE-ACF1-38BE2D37F3E4}.Release|iPhone.ActiveCfg = Release|Any CPU
		{6AF73D0A-9414-47BE-ACF1-38BE2D37F3E4}.Release|iPhone.Build.0 = Release|Any CPU
		{6AF73D0A-9414-47BE-ACF1-38BE2D37F3E4}.Release|iPhone.Deploy.0 = Release|Any CPU
		{6AF73D0A-9414-47BE-ACF1-38BE2D37F3E4}.Release|iPhoneSimulator.ActiveCfg = Release|Any CPU
		{6AF73D0A-9414-47BE-ACF1-38BE2D37F3E4}.Release|iPhoneSimulator.Build.0 = Release|Any CPU
		{6AF73D0A-9414-47BE-ACF1-38BE2D37F3E4}.Release|iPhoneSimulator.Deploy.0 = Release|Any CPU
		{6AF73D0A-9414-47BE-ACF1-38BE2D37F3E4}.Release|x64.ActiveCfg = Release|Any CPU
		{6AF73D0A-9414-47BE-ACF1-38BE2D37F3E4}.Release|x64.Build.0 = Release|Any CPU
		{6AF73D0A-9414-47BE-ACF1-38BE2D37F3E4}.Release|x64.Deploy.0 = Release|Any CPU
		{6AF73D0A-9414-47BE-ACF1-38BE2D37F3E4}.Release|x86.ActiveCfg = Release|Any CPU
		{6AF73D0A-9414-47BE-ACF1-38BE2D37F3E4}.Release|x86.Build.0 = Release|Any CPU
		{6AF73D0A-9414-47BE-ACF1-38BE2D37F3E4}.Release|x86.Deploy.0 = Release|Any CPU
	EndGlobalSection
	GlobalSection(SolutionProperties) = preSolution
		HideSolutionNode = FALSE
	EndGlobalSection
	GlobalSection(ExtensibilityGlobals) = postSolution
		SolutionGuid = {0CD18109-8EB8-40AC-9078-A294FA8FCA45}
	EndGlobalSection
EndGlobal
